# This file is automatically @generated by Cargo.
# It is not intended for manual editing.
version = 4

[[package]]
name = "optimizer-blog-lesson-1"
version = "0.1.0"

[[package]]
name = "optimizer-blog-lesson-2"
version = "0.1.0"

[[package]]
name = "optimizer-blog-lesson-3"
version = "0.1.0"
dependencies = [
 "optimizer-blog-lesson-2",
]
